
Microsoft Visual Studio Solution File, Format Version 12.00
# Visual Studio 2012
Project("{FAE04EC0-301F-11D3-BF4B-00C04F79EFBC}") = "tubs_data_request", "tubs_data_request\tubs_data_request.csproj", "{68BA2DDF-A623-49FE-8499-5C1AAB27F267}"
EndProject
Global
	GlobalSection(SolutionConfigurationPlatforms) = preSolution
		Debug|Any CPU = Debug|Any CPU
		Release|Any CPU = Release|Any CPU
	EndGlobalSection
	GlobalSection(ProjectConfigurationPlatforms) = postSolution
		{68BA2DDF-A623-49FE-8499-5C1AAB27F267}.Debug|Any CPU.ActiveCfg = Debug|Any CPU
		{68BA2DDF-A623-49FE-8499-5C1AAB27F267}.Debug|Any CPU.Build.0 = Debug|Any CPU
		{68BA2DDF-A623-49FE-8499-5C1AAB27F267}.Release|Any CPU.ActiveCfg = Release|Any CPU
		{68BA2DDF-A623-49FE-8499-5C1AAB27F267}.Release|Any CPU.Build.0 = Release|Any CPU
	EndGlobalSection
	GlobalSection(SolutionProperties) = preSolution
		HideSolutionNode = FALSE
	EndGlobalSection
EndGlobal
